// !$*UTF8*$!
{
	archiveVersion = 1;
	classes = {
	};
	objectVersion = 56;
	objects = {

/* Begin PBXBuildFile section */
		B003A7032B2B8E7E00C14D58 /* AddMovieViewController.swift in Sources */ = {isa = PBXBuildFile; fileRef = B003A7022B2B8E7E00C14D58 /* AddMovieViewController.swift */; };
		B003A7052B2DCF1900C14D58 /* FirebaseStorage in Frameworks */ = {isa = PBXBuildFile; productRef = B003A7042B2DCF1900C14D58 /* FirebaseStorage */; };
		B003A7072B2DCF9700C14D58 /* FirebaseStorageCombine-Community in Frameworks */ = {isa = PBXBuildFile; productRef = B003A7062B2DCF9700C14D58 /* FirebaseStorageCombine-Community */; };
		B003A7092B2F3EE300C14D58 /* MovieSession.swift in Sources */ = {isa = PBXBuildFile; fileRef = B003A7082B2F3EE300C14D58 /* MovieSession.swift */; };
		B003A70B2B2F3F9900C14D58 /* AddSessionViewController.swift in Sources */ = {isa = PBXBuildFile; fileRef = B003A70A2B2F3F9900C14D58 /* AddSessionViewController.swift */; };
		B076E5B92B1A4F0E00636398 /* FirebaseAnalytics in Frameworks */ = {isa = PBXBuildFile; productRef = B076E5B82B1A4F0E00636398 /* FirebaseAnalytics */; };
		B076E5BB2B1A4F0E00636398 /* FirebaseAuth in Frameworks */ = {isa = PBXBuildFile; productRef = B076E5BA2B1A4F0E00636398 /* FirebaseAuth */; };
		B076E5BD2B1A4F0E00636398 /* FirebaseDatabase in Frameworks */ = {isa = PBXBuildFile; productRef = B076E5BC2B1A4F0E00636398 /* FirebaseDatabase */; };
		B076E5BF2B1A4F0E00636398 /* FirebaseFirestore in Frameworks */ = {isa = PBXBuildFile; productRef = B076E5BE2B1A4F0E00636398 /* FirebaseFirestore */; };
		B077475D2B1A5723007DF852 /* AuthViewController.swift in Sources */ = {isa = PBXBuildFile; fileRef = B077475C2B1A5723007DF852 /* AuthViewController.swift */; };
		B07747632B1B9D97007DF852 /* GoogleService-Info.plist in Resources */ = {isa = PBXBuildFile; fileRef = B07747622B1B9D97007DF852 /* GoogleService-Info.plist */; };
		B07AE5A12B30D0DB0019226E /* DeleteSessionViewController.swift in Sources */ = {isa = PBXBuildFile; fileRef = B07AE5A02B30D0DB0019226E /* DeleteSessionViewController.swift */; };
		B07C22842B1D110000C6CB9D /* BuyViewController.swift in Sources */ = {isa = PBXBuildFile; fileRef = B07C22832B1D110000C6CB9D /* BuyViewController.swift */; };
		B07C22862B1D139F00C6CB9D /* Movie.swift in Sources */ = {isa = PBXBuildFile; fileRef = B07C22852B1D139F00C6CB9D /* Movie.swift */; };
		B0BD3D992B2FA2D600940F42 /* EditMovieViewController.swift in Sources */ = {isa = PBXBuildFile; fileRef = B0BD3D982B2FA2D600940F42 /* EditMovieViewController.swift */; };
		B0BF05F52AF1578C00CCF2C7 /* AlertPresenter.swift in Sources */ = {isa = PBXBuildFile; fileRef = B0BF05F42AF1578C00CCF2C7 /* AlertPresenter.swift */; };
		B0BF05F82AF157D300CCF2C7 /* AlertPresenterProtocol.swift in Sources */ = {isa = PBXBuildFile; fileRef = B0BF05F72AF157D300CCF2C7 /* AlertPresenterProtocol.swift */; };
		B0BF05FA2AF157F200CCF2C7 /* AlertPresenterDelegate.swift in Sources */ = {isa = PBXBuildFile; fileRef = B0BF05F92AF157F200CCF2C7 /* AlertPresenterDelegate.swift */; };
		B0BF05FC2AF1582000CCF2C7 /* AlertModel.swift in Sources */ = {isa = PBXBuildFile; fileRef = B0BF05FB2AF1582000CCF2C7 /* AlertModel.swift */; };
		B0E8F1712AED532C00C18191 /* Main.storyboard in Resources */ = {isa = PBXBuildFile; fileRef = B0E8F1732AED532C00C18191 /* Main.storyboard */; };
		B0E8F1762AED5BB100C18191 /* Assets.xcassets in Resources */ = {isa = PBXBuildFile; fileRef = B0E8F1752AED5BB100C18191 /* Assets.xcassets */; };
		B0F94EF02ADF419500DB2741 /* AppDelegate.swift in Sources */ = {isa = PBXBuildFile; fileRef = B0F94EEF2ADF419500DB2741 /* AppDelegate.swift */; };
		B0F94EF22ADF419500DB2741 /* SceneDelegate.swift in Sources */ = {isa = PBXBuildFile; fileRef = B0F94EF12ADF419500DB2741 /* SceneDelegate.swift */; };
		B0F94EF42ADF419500DB2741 /* PageViewController.swift in Sources */ = {isa = PBXBuildFile; fileRef = B0F94EF32ADF419500DB2741 /* PageViewController.swift */; };
		B0F94EFC2ADF419800DB2741 /* LaunchScreen.storyboard in Resources */ = {isa = PBXBuildFile; fileRef = B0F94EFA2ADF419800DB2741 /* LaunchScreen.storyboard */; };
/* End PBXBuildFile section */

/* Begin PBXContainerItemProxy section */
		B0F94F032ADF419800DB2741 /* PBXContainerItemProxy */ = {
			isa = PBXContainerItemProxy;
			containerPortal = B0F94EE42ADF419500DB2741 /* Project object */;
			proxyType = 1;
			remoteGlobalIDString = B0F94EEB2ADF419500DB2741;
			remoteInfo = TicketBuyer;
		};
		B0F94F0D2ADF419800DB2741 /* PBXContainerItemProxy */ = {
			isa = PBXContainerItemProxy;
			containerPortal = B0F94EE42ADF419500DB2741 /* Project object */;
			proxyType = 1;
			remoteGlobalIDString = B0F94EEB2ADF419500DB2741;
			remoteInfo = TicketBuyer;
		};
/* End PBXContainerItemProxy section */

/* Begin PBXFileReference section */
		B003A7022B2B8E7E00C14D58 /* AddMovieViewController.swift */ = {isa = PBXFileReference; lastKnownFileType = sourcecode.swift; path = AddMovieViewController.swift; sourceTree = "<group>"; };
		B003A7082B2F3EE300C14D58 /* MovieSession.swift */ = {isa = PBXFileReference; lastKnownFileType = sourcecode.swift; path = MovieSession.swift; sourceTree = "<group>"; };
		B003A70A2B2F3F9900C14D58 /* AddSessionViewController.swift */ = {isa = PBXFileReference; lastKnownFileType = sourcecode.swift; path = AddSessionViewController.swift; sourceTree = "<group>"; };
		B077475C2B1A5723007DF852 /* AuthViewController.swift */ = {isa = PBXFileReference; lastKnownFileType = sourcecode.swift; path = AuthViewController.swift; sourceTree = "<group>"; };
		B07747622B1B9D97007DF852 /* GoogleService-Info.plist */ = {isa = PBXFileReference; fileEncoding = 4; lastKnownFileType = text.plist.xml; path = "GoogleService-Info.plist"; sourceTree = "<group>"; };
		B07AE5A02B30D0DB0019226E /* DeleteSessionViewController.swift */ = {isa = PBXFileReference; lastKnownFileType = sourcecode.swift; path = DeleteSessionViewController.swift; sourceTree = "<group>"; };
		B07C22832B1D110000C6CB9D /* BuyViewController.swift */ = {isa = PBXFileReference; lastKnownFileType = sourcecode.swift; path = BuyViewController.swift; sourceTree = "<group>"; };
		B07C22852B1D139F00C6CB9D /* Movie.swift */ = {isa = PBXFileReference; lastKnownFileType = sourcecode.swift; path = Movie.swift; sourceTree = "<group>"; };
		B0BD3D982B2FA2D600940F42 /* EditMovieViewController.swift */ = {isa = PBXFileReference; lastKnownFileType = sourcecode.swift; path = EditMovieViewController.swift; sourceTree = "<group>"; };
		B0BF05F42AF1578C00CCF2C7 /* AlertPresenter.swift */ = {isa = PBXFileReference; lastKnownFileType = sourcecode.swift; path = AlertPresenter.swift; sourceTree = "<group>"; };
		B0BF05F72AF157D300CCF2C7 /* AlertPresenterProtocol.swift */ = {isa = PBXFileReference; lastKnownFileType = sourcecode.swift; path = AlertPresenterProtocol.swift; sourceTree = "<group>"; };
		B0BF05F92AF157F200CCF2C7 /* AlertPresenterDelegate.swift */ = {isa = PBXFileReference; lastKnownFileType = sourcecode.swift; path = AlertPresenterDelegate.swift; sourceTree = "<group>"; };
		B0BF05FB2AF1582000CCF2C7 /* AlertModel.swift */ = {isa = PBXFileReference; lastKnownFileType = sourcecode.swift; path = AlertModel.swift; sourceTree = "<group>"; };
		B0E8F1722AED532C00C18191 /* Base */ = {isa = PBXFileReference; lastKnownFileType = file.storyboard; name = Base; path = Base.lproj/Main.storyboard; sourceTree = "<group>"; };
		B0E8F1752AED5BB100C18191 /* Assets.xcassets */ = {isa = PBXFileReference; lastKnownFileType = folder.assetcatalog; path = Assets.xcassets; sourceTree = "<group>"; };
		B0F94EEC2ADF419500DB2741 /* TicketBuyer.app */ = {isa = PBXFileReference; explicitFileType = wrapper.application; includeInIndex = 0; path = TicketBuyer.app; sourceTree = BUILT_PRODUCTS_DIR; };
		B0F94EEF2ADF419500DB2741 /* AppDelegate.swift */ = {isa = PBXFileReference; lastKnownFileType = sourcecode.swift; path = AppDelegate.swift; sourceTree = "<group>"; };
		B0F94EF12ADF419500DB2741 /* SceneDelegate.swift */ = {isa = PBXFileReference; lastKnownFileType = sourcecode.swift; path = SceneDelegate.swift; sourceTree = "<group>"; };
		B0F94EF32ADF419500DB2741 /* PageViewController.swift */ = {isa = PBXFileReference; lastKnownFileType = sourcecode.swift; path = PageViewController.swift; sourceTree = "<group>"; };
		B0F94EFB2ADF419800DB2741 /* Base */ = {isa = PBXFileReference; lastKnownFileType = file.storyboard; name = Base; path = Base.lproj/LaunchScreen.storyboard; sourceTree = "<group>"; };
		B0F94EFD2ADF419800DB2741 /* Info.plist */ = {isa = PBXFileReference; lastKnownFileType = text.plist.xml; path = Info.plist; sourceTree = "<group>"; };
		B0F94F022ADF419800DB2741 /* TicketBuyerTests.xctest */ = {isa = PBXFileReference; explicitFileType = wrapper.cfbundle; includeInIndex = 0; path = TicketBuyerTests.xctest; sourceTree = BUILT_PRODUCTS_DIR; };
		B0F94F0C2ADF419800DB2741 /* TicketBuyerUITests.xctest */ = {isa = PBXFileReference; explicitFileType = wrapper.cfbundle; includeInIndex = 0; path = TicketBuyerUITests.xctest; sourceTree = BUILT_PRODUCTS_DIR; };
/* End PBXFileReference section */

/* Begin PBXFrameworksBuildPhase section */
		B0F94EE92ADF419500DB2741 /* Frameworks */ = {
			isa = PBXFrameworksBuildPhase;
			buildActionMask = 2147483647;
			files = (
				B076E5BD2B1A4F0E00636398 /* FirebaseDatabase in Frameworks */,
				B076E5BF2B1A4F0E00636398 /* FirebaseFirestore in Frameworks */,
				B076E5B92B1A4F0E00636398 /* FirebaseAnalytics in Frameworks */,
				B003A7052B2DCF1900C14D58 /* FirebaseStorage in Frameworks */,
				B003A7072B2DCF9700C14D58 /* FirebaseStorageCombine-Community in Frameworks */,
				B076E5BB2B1A4F0E00636398 /* FirebaseAuth in Frameworks */,
			);
			runOnlyForDeploymentPostprocessing = 0;
		};
		B0F94EFF2ADF419800DB2741 /* Frameworks */ = {
			isa = PBXFrameworksBuildPhase;
			buildActionMask = 2147483647;
			files = (
			);
			runOnlyForDeploymentPostprocessing = 0;
		};
		B0F94F092ADF419800DB2741 /* Frameworks */ = {
			isa = PBXFrameworksBuildPhase;
			buildActionMask = 2147483647;
			files = (
			);
			runOnlyForDeploymentPostprocessing = 0;
		};
/* End PBXFrameworksBuildPhase section */

/* Begin PBXGroup section */
		B07C22892B1D15A200C6CB9D /* MoviesService */ = {
			isa = PBXGroup;
			children = (
			);
			path = MoviesService;
			sourceTree = "<group>";
		};
		B0BF05F22AF1521100CCF2C7 /* Service */ = {
			isa = PBXGroup;
			children = (
				B07C22892B1D15A200C6CB9D /* MoviesService */,
				B0BF05F62AF157B500CCF2C7 /* AlertService */,
				B0BF05F32AF1522500CCF2C7 /* Models */,
			);
			path = Service;
			sourceTree = "<group>";
		};
		B0BF05F32AF1522500CCF2C7 /* Models */ = {
			isa = PBXGroup;
			children = (
				B0BF05FB2AF1582000CCF2C7 /* AlertModel.swift */,
				B07C22852B1D139F00C6CB9D /* Movie.swift */,
				B003A7082B2F3EE300C14D58 /* MovieSession.swift */,
			);
			path = Models;
			sourceTree = "<group>";
		};
		B0BF05F62AF157B500CCF2C7 /* AlertService */ = {
			isa = PBXGroup;
			children = (
				B0BF05F72AF157D300CCF2C7 /* AlertPresenterProtocol.swift */,
				B0BF05F92AF157F200CCF2C7 /* AlertPresenterDelegate.swift */,
			);
			path = AlertService;
			sourceTree = "<group>";
		};
		B0F94EE32ADF419500DB2741 = {
			isa = PBXGroup;
			children = (
				B0F94EEE2ADF419500DB2741 /* TicketBuyer */,
				B0F94EED2ADF419500DB2741 /* Products */,
			);
			sourceTree = "<group>";
		};
		B0F94EED2ADF419500DB2741 /* Products */ = {
			isa = PBXGroup;
			children = (
				B0F94EEC2ADF419500DB2741 /* TicketBuyer.app */,
				B0F94F022ADF419800DB2741 /* TicketBuyerTests.xctest */,
				B0F94F0C2ADF419800DB2741 /* TicketBuyerUITests.xctest */,
			);
			name = Products;
			sourceTree = "<group>";
		};
		B0F94EEE2ADF419500DB2741 /* TicketBuyer */ = {
			isa = PBXGroup;
			children = (
				B0F94F212ADF42AA00DB2741 /* Presentation */,
				B0BF05F22AF1521100CCF2C7 /* Service */,
				B0F94F1F2ADF422900DB2741 /* Resources */,
				B0F94EFD2ADF419800DB2741 /* Info.plist */,
				B07747622B1B9D97007DF852 /* GoogleService-Info.plist */,
				B0F94EEF2ADF419500DB2741 /* AppDelegate.swift */,
				B0F94EF12ADF419500DB2741 /* SceneDelegate.swift */,
			);
			path = TicketBuyer;
			sourceTree = "<group>";
		};
		B0F94F1F2ADF422900DB2741 /* Resources */ = {
			isa = PBXGroup;
			children = (
				B0F94EFA2ADF419800DB2741 /* LaunchScreen.storyboard */,
				B0E8F1752AED5BB100C18191 /* Assets.xcassets */,
			);
			path = Resources;
			sourceTree = "<group>";
		};
		B0F94F212ADF42AA00DB2741 /* Presentation */ = {
			isa = PBXGroup;
			children = (
				B0BF05F42AF1578C00CCF2C7 /* AlertPresenter.swift */,
				B0E8F1732AED532C00C18191 /* Main.storyboard */,
				B077475C2B1A5723007DF852 /* AuthViewController.swift */,
				B0F94EF32ADF419500DB2741 /* PageViewController.swift */,
				B07C22832B1D110000C6CB9D /* BuyViewController.swift */,
				B003A7022B2B8E7E00C14D58 /* AddMovieViewController.swift */,
				B003A70A2B2F3F9900C14D58 /* AddSessionViewController.swift */,
				B0BD3D982B2FA2D600940F42 /* EditMovieViewController.swift */,
				B07AE5A02B30D0DB0019226E /* DeleteSessionViewController.swift */,
			);
			path = Presentation;
			sourceTree = "<group>";
		};
/* End PBXGroup section */

/* Begin PBXNativeTarget section */
		B0F94EEB2ADF419500DB2741 /* TicketBuyer */ = {
			isa = PBXNativeTarget;
			buildConfigurationList = B0F94F162ADF419800DB2741 /* Build configuration list for PBXNativeTarget "TicketBuyer" */;
			buildPhases = (
				B0F94EE82ADF419500DB2741 /* Sources */,
				B0F94EE92ADF419500DB2741 /* Frameworks */,
				B0F94EEA2ADF419500DB2741 /* Resources */,
			);
			buildRules = (
			);
			dependencies = (
			);
			name = TicketBuyer;
			packageProductDependencies = (
				B076E5B82B1A4F0E00636398 /* FirebaseAnalytics */,
				B076E5BA2B1A4F0E00636398 /* FirebaseAuth */,
				B076E5BC2B1A4F0E00636398 /* FirebaseDatabase */,
				B076E5BE2B1A4F0E00636398 /* FirebaseFirestore */,
				B003A7042B2DCF1900C14D58 /* FirebaseStorage */,
				B003A7062B2DCF9700C14D58 /* FirebaseStorageCombine-Community */,
			);
			productName = TicketBuyer;
			productReference = B0F94EEC2ADF419500DB2741 /* TicketBuyer.app */;
			productType = "com.apple.product-type.application";
		};
		B0F94F012ADF419800DB2741 /* TicketBuyerTests */ = {
			isa = PBXNativeTarget;
			buildConfigurationList = B0F94F192ADF419800DB2741 /* Build configuration list for PBXNativeTarget "TicketBuyerTests" */;
			buildPhases = (
				B0F94EFE2ADF419800DB2741 /* Sources */,
				B0F94EFF2ADF419800DB2741 /* Frameworks */,
				B0F94F002ADF419800DB2741 /* Resources */,
			);
			buildRules = (
			);
			dependencies = (
				B0F94F042ADF419800DB2741 /* PBXTargetDependency */,
			);
			name = TicketBuyerTests;
			productName = TicketBuyerTests;
			productReference = B0F94F022ADF419800DB2741 /* TicketBuyerTests.xctest */;
			productType = "com.apple.product-type.bundle.unit-test";
		};
		B0F94F0B2ADF419800DB2741 /* TicketBuyerUITests */ = {
			isa = PBXNativeTarget;
			buildConfigurationList = B0F94F1C2ADF419800DB2741 /* Build configuration list for PBXNativeTarget "TicketBuyerUITests" */;
			buildPhases = (
				B0F94F082ADF419800DB2741 /* Sources */,
				B0F94F092ADF419800DB2741 /* Frameworks */,
				B0F94F0A2ADF419800DB2741 /* Resources */,
			);
			buildRules = (
			);
			dependencies = (
				B0F94F0E2ADF419800DB2741 /* PBXTargetDependency */,
			);
			name = TicketBuyerUITests;
			productName = TicketBuyerUITests;
			productReference = B0F94F0C2ADF419800DB2741 /* TicketBuyerUITests.xctest */;
			productType = "com.apple.product-type.bundle.ui-testing";
		};
/* End PBXNativeTarget section */

/* Begin PBXProject section */
		B0F94EE42ADF419500DB2741 /* Project object */ = {
			isa = PBXProject;
			attributes = {
				BuildIndependentTargetsInParallel = 1;
				LastSwiftUpdateCheck = 1500;
				LastUpgradeCheck = 1500;
				TargetAttributes = {
					B0F94EEB2ADF419500DB2741 = {
						CreatedOnToolsVersion = 15.0;
					};
					B0F94F012ADF419800DB2741 = {
						CreatedOnToolsVersion = 15.0;
						TestTargetID = B0F94EEB2ADF419500DB2741;
					};
					B0F94F0B2ADF419800DB2741 = {
						CreatedOnToolsVersion = 15.0;
						TestTargetID = B0F94EEB2ADF419500DB2741;
					};
				};
			};
			buildConfigurationList = B0F94EE72ADF419500DB2741 /* Build configuration list for PBXProject "TicketBuyer" */;
			compatibilityVersion = "Xcode 14.0";
			developmentRegion = en;
			hasScannedForEncodings = 0;
			knownRegions = (
				en,
				Base,
			);
			mainGroup = B0F94EE32ADF419500DB2741;
			packageReferences = (
				B076E5B72B1A4F0E00636398 /* XCRemoteSwiftPackageReference "firebase-ios-sdk" */,
			);
			productRefGroup = B0F94EED2ADF419500DB2741 /* Products */;
			projectDirPath = "";
			projectRoot = "";
			targets = (
				B0F94EEB2ADF419500DB2741 /* TicketBuyer */,
				B0F94F012ADF419800DB2741 /* TicketBuyerTests */,
				B0F94F0B2ADF419800DB2741 /* TicketBuyerUITests */,
			);
		};
/* End PBXProject section */

/* Begin PBXResourcesBuildPhase section */
		B0F94EEA2ADF419500DB2741 /* Resources */ = {
			isa = PBXResourcesBuildPhase;
			buildActionMask = 2147483647;
			files = (
				B0F94EFC2ADF419800DB2741 /* LaunchScreen.storyboard in Resources */,
				B07747632B1B9D97007DF852 /* GoogleService-Info.plist in Resources */,
				B0E8F1762AED5BB100C18191 /* Assets.xcassets in Resources */,
				B0E8F1712AED532C00C18191 /* Main.storyboard in Resources */,
			);
			runOnlyForDeploymentPostprocessing = 0;
		};
		B0F94F002ADF419800DB2741 /* Resources */ = {
			isa = PBXResourcesBuildPhase;
			buildActionMask = 2147483647;
			files = (
			);
			runOnlyForDeploymentPostprocessing = 0;
		};
		B0F94F0A2ADF419800DB2741 /* Resources */ = {
			isa = PBXResourcesBuildPhase;
			buildActionMask = 2147483647;
			files = (
			);
			runOnlyForDeploymentPostprocessing = 0;
		};
/* End PBXResourcesBuildPhase section */

/* Begin PBXSourcesBuildPhase section */
		B0F94EE82ADF419500DB2741 /* Sources */ = {
			isa = PBXSourcesBuildPhase;
			buildActionMask = 2147483647;
			files = (
				B0F94EF42ADF419500DB2741 /* PageViewController.swift in Sources */,
				B0BF05FA2AF157F200CCF2C7 /* AlertPresenterDelegate.swift in Sources */,
				B003A70B2B2F3F9900C14D58 /* AddSessionViewController.swift in Sources */,
				B07AE5A12B30D0DB0019226E /* DeleteSessionViewController.swift in Sources */,
				B0BD3D992B2FA2D600940F42 /* EditMovieViewController.swift in Sources */,
				B0F94EF02ADF419500DB2741 /* AppDelegate.swift in Sources */,
				B07C22842B1D110000C6CB9D /* BuyViewController.swift in Sources */,
				B0F94EF22ADF419500DB2741 /* SceneDelegate.swift in Sources */,
				B0BF05F82AF157D300CCF2C7 /* AlertPresenterProtocol.swift in Sources */,
				B077475D2B1A5723007DF852 /* AuthViewController.swift in Sources */,
				B0BF05FC2AF1582000CCF2C7 /* AlertModel.swift in Sources */,
				B0BF05F52AF1578C00CCF2C7 /* AlertPresenter.swift in Sources */,
				B003A7092B2F3EE300C14D58 /* MovieSession.swift in Sources */,
				B07C22862B1D139F00C6CB9D /* Movie.swift in Sources */,
				B003A7032B2B8E7E00C14D58 /* AddMovieViewController.swift in Sources */,
			);
			runOnlyForDeploymentPostprocessing = 0;
		};
		B0F94EFE2ADF419800DB2741 /* Sources */ = {
			isa = PBXSourcesBuildPhase;
			buildActionMask = 2147483647;
			files = (
			);
			runOnlyForDeploymentPostprocessing = 0;
		};
		B0F94F082ADF419800DB2741 /* Sources */ = {
			isa = PBXSourcesBuildPhase;
			buildActionMask = 2147483647;
			files = (
			);
			runOnlyForDeploymentPostprocessing = 0;
		};
/* End PBXSourcesBuildPhase section */

/* Begin PBXTargetDependency section */
		B0F94F042ADF419800DB2741 /* PBXTargetDependency */ = {
			isa = PBXTargetDependency;
			target = B0F94EEB2ADF419500DB2741 /* TicketBuyer */;
			targetProxy = B0F94F032ADF419800DB2741 /* PBXContainerItemProxy */;
		};
		B0F94F0E2ADF419800DB2741 /* PBXTargetDependency */ = {
			isa = PBXTargetDependency;
			target = B0F94EEB2ADF419500DB2741 /* TicketBuyer */;
			targetProxy = B0F94F0D2ADF419800DB2741 /* PBXContainerItemProxy */;
		};
/* End PBXTargetDependency section */

/* Begin PBXVariantGroup section */
		B0E8F1732AED532C00C18191 /* Main.storyboard */ = {
			isa = PBXVariantGroup;
			children = (
				B0E8F1722AED532C00C18191 /* Base */,
			);
			name = Main.storyboard;
			sourceTree = "<group>";
		};
		B0F94EFA2ADF419800DB2741 /* LaunchScreen.storyboard */ = {
			isa = PBXVariantGroup;
			children = (
				B0F94EFB2ADF419800DB2741 /* Base */,
			);
			name = LaunchScreen.storyboard;
			sourceTree = "<group>";
		};
/* End PBXVariantGroup section */

/* Begin XCBuildConfiguration section */
		B0F94F142ADF419800DB2741 /* Debug */ = {
			isa = XCBuildConfiguration;
			buildSettings = {
				ALWAYS_SEARCH_USER_PATHS = NO;
				ASSETCATALOG_COMPILER_GENERATE_SWIFT_ASSET_SYMBOL_EXTENSIONS = YES;
				CLANG_ANALYZER_NONNULL = YES;
				CLANG_ANALYZER_NUMBER_OBJECT_CONVERSION = YES_AGGRESSIVE;
				CLANG_CXX_LANGUAGE_STANDARD = "gnu++20";
				CLANG_ENABLE_MODULES = YES;
				CLANG_ENABLE_OBJC_ARC = YES;
				CLANG_ENABLE_OBJC_WEAK = YES;
				CLANG_WARN_BLOCK_CAPTURE_AUTORELEASING = YES;
				CLANG_WARN_BOOL_CONVERSION = YES;
				CLANG_WARN_COMMA = YES;
				CLANG_WARN_CONSTANT_CONVERSION = YES;
				CLANG_WARN_DEPRECATED_OBJC_IMPLEMENTATIONS = YES;
				CLANG_WARN_DIRECT_OBJC_ISA_USAGE = YES_ERROR;
				CLANG_WARN_DOCUMENTATION_COMMENTS = YES;
				CLANG_WARN_EMPTY_BODY = YES;
				CLANG_WARN_ENUM_CONVERSION = YES;
				CLANG_WARN_INFINITE_RECURSION = YES;
				CLANG_WARN_INT_CONVERSION = YES;
				CLANG_WARN_NON_LITERAL_NULL_CONVERSION = YES;
				CLANG_WARN_OBJC_IMPLICIT_RETAIN_SELF = YES;
				CLANG_WARN_OBJC_LITERAL_CONVERSION = YES;
				CLANG_WARN_OBJC_ROOT_CLASS = YES_ERROR;
				CLANG_WARN_QUOTED_INCLUDE_IN_FRAMEWORK_HEADER = YES;
				CLANG_WARN_RANGE_LOOP_ANALYSIS = YES;
				CLANG_WARN_STRICT_PROTOTYPES = YES;
				CLANG_WARN_SUSPICIOUS_MOVE = YES;
				CLANG_WARN_UNGUARDED_AVAILABILITY = YES_AGGRESSIVE;
				CLANG_WARN_UNREACHABLE_CODE = YES;
				CLANG_WARN__DUPLICATE_METHOD_MATCH = YES;
				COPY_PHASE_STRIP = NO;
				DEBUG_INFORMATION_FORMAT = dwarf;
				ENABLE_STRICT_OBJC_MSGSEND = YES;
				ENABLE_TESTABILITY = YES;
				ENABLE_USER_SCRIPT_SANDBOXING = YES;
				GCC_C_LANGUAGE_STANDARD = gnu17;
				GCC_DYNAMIC_NO_PIC = NO;
				GCC_NO_COMMON_BLOCKS = YES;
				GCC_OPTIMIZATION_LEVEL = 0;
				GCC_PREPROCESSOR_DEFINITIONS = (
					"DEBUG=1",
					"$(inherited)",
				);
				GCC_WARN_64_TO_32_BIT_CONVERSION = YES;
				GCC_WARN_ABOUT_RETURN_TYPE = YES_ERROR;
				GCC_WARN_UNDECLARED_SELECTOR = YES;
				GCC_WARN_UNINITIALIZED_AUTOS = YES_AGGRESSIVE;
				GCC_WARN_UNUSED_FUNCTION = YES;
				GCC_WARN_UNUSED_VARIABLE = YES;
				IPHONEOS_DEPLOYMENT_TARGET = 17.0;
				LOCALIZATION_PREFERS_STRING_CATALOGS = YES;
				MTL_ENABLE_DEBUG_INFO = INCLUDE_SOURCE;
				MTL_FAST_MATH = YES;
				ONLY_ACTIVE_ARCH = YES;
				SDKROOT = iphoneos;
				SWIFT_ACTIVE_COMPILATION_CONDITIONS = "DEBUG $(inherited)";
				SWIFT_OPTIMIZATION_LEVEL = "-Onone";
			};
			name = Debug;
		};
		B0F94F152ADF419800DB2741 /* Release */ = {
			isa = XCBuildConfiguration;
			buildSettings = {
				ALWAYS_SEARCH_USER_PATHS = NO;
				ASSETCATALOG_COMPILER_GENERATE_SWIFT_ASSET_SYMBOL_EXTENSIONS = YES;
				CLANG_ANALYZER_NONNULL = YES;
				CLANG_ANALYZER_NUMBER_OBJECT_CONVERSION = YES_AGGRESSIVE;
				CLANG_CXX_LANGUAGE_STANDARD = "gnu++20";
				CLANG_ENABLE_MODULES = YES;
				CLANG_ENABLE_OBJC_ARC = YES;
				CLANG_ENABLE_OBJC_WEAK = YES;
				CLANG_WARN_BLOCK_CAPTURE_AUTORELEASING = YES;
				CLANG_WARN_BOOL_CONVERSION = YES;
				CLANG_WARN_COMMA = YES;
				CLANG_WARN_CONSTANT_CONVERSION = YES;
				CLANG_WARN_DEPRECATED_OBJC_IMPLEMENTATIONS = YES;
				CLANG_WARN_DIRECT_OBJC_ISA_USAGE = YES_ERROR;
				CLANG_WARN_DOCUMENTATION_COMMENTS = YES;
				CLANG_WARN_EMPTY_BODY = YES;
				CLANG_WARN_ENUM_CONVERSION = YES;
				CLANG_WARN_INFINITE_RECURSION = YES;
				CLANG_WARN_INT_CONVERSION = YES;
				CLANG_WARN_NON_LITERAL_NULL_CONVERSION = YES;
				CLANG_WARN_OBJC_IMPLICIT_RETAIN_SELF = YES;
				CLANG_WARN_OBJC_LITERAL_CONVERSION = YES;
				CLANG_WARN_OBJC_ROOT_CLASS = YES_ERROR;
				CLANG_WARN_QUOTED_INCLUDE_IN_FRAMEWORK_HEADER = YES;
				CLANG_WARN_RANGE_LOOP_ANALYSIS = YES;
				CLANG_WARN_STRICT_PROTOTYPES = YES;
				CLANG_WARN_SUSPICIOUS_MOVE = YES;
				CLANG_WARN_UNGUARDED_AVAILABILITY = YES_AGGRESSIVE;
				CLANG_WARN_UNREACHABLE_CODE = YES;
				CLANG_WARN__DUPLICATE_METHOD_MATCH = YES;
				COPY_PHASE_STRIP = NO;
				DEBUG_INFORMATION_FORMAT = "dwarf-with-dsym";
				ENABLE_NS_ASSERTIONS = NO;
				ENABLE_STRICT_OBJC_MSGSEND = YES;
				ENABLE_USER_SCRIPT_SANDBOXING = YES;
				GCC_C_LANGUAGE_STANDARD = gnu17;
				GCC_NO_COMMON_BLOCKS = YES;
				GCC_WARN_64_TO_32_BIT_CONVERSION = YES;
				GCC_WARN_ABOUT_RETURN_TYPE = YES_ERROR;
				GCC_WARN_UNDECLARED_SELECTOR = YES;
				GCC_WARN_UNINITIALIZED_AUTOS = YES_AGGRESSIVE;
				GCC_WARN_UNUSED_FUNCTION = YES;
				GCC_WARN_UNUSED_VARIABLE = YES;
				IPHONEOS_DEPLOYMENT_TARGET = 17.0;
				LOCALIZATION_PREFERS_STRING_CATALOGS = YES;
				MTL_ENABLE_DEBUG_INFO = NO;
				MTL_FAST_MATH = YES;
				SDKROOT = iphoneos;
				SWIFT_COMPILATION_MODE = wholemodule;
				VALIDATE_PRODUCT = YES;
			};
			name = Release;
		};
		B0F94F172ADF419800DB2741 /* Debug */ = {
			isa = XCBuildConfiguration;
			buildSettings = {
				ASSETCATALOG_COMPILER_APPICON_NAME = AppIcon;
				ASSETCATALOG_COMPILER_GLOBAL_ACCENT_COLOR_NAME = AccentColor;
				CODE_SIGN_STYLE = Automatic;
				CURRENT_PROJECT_VERSION = 1;
				DEVELOPMENT_TEAM = ZA635WC7L2;
				GENERATE_INFOPLIST_FILE = YES;
				INFOPLIST_FILE = TicketBuyer/Info.plist;
				INFOPLIST_KEY_UIApplicationSupportsIndirectInputEvents = YES;
				INFOPLIST_KEY_UILaunchStoryboardName = LaunchScreen;
				INFOPLIST_KEY_UIMainStoryboardFile = Main;
				INFOPLIST_KEY_UIStatusBarStyle = UIStatusBarStyleLightContent;
				INFOPLIST_KEY_UISupportedInterfaceOrientations = UIInterfaceOrientationPortrait;
				INFOPLIST_KEY_UISupportedInterfaceOrientations_iPad = "UIInterfaceOrientationPortrait UIInterfaceOrientationPortraitUpsideDown";
				LD_RUNPATH_SEARCH_PATHS = (
					"$(inherited)",
					"@executable_path/Frameworks",
				);
				MARKETING_VERSION = 1.0;
				PRODUCT_BUNDLE_IDENTIFIER = andreigordienko.TicketBuyer;
				PRODUCT_NAME = "$(TARGET_NAME)";
				SUPPORTED_PLATFORMS = "iphoneos iphonesimulator";
				SUPPORTS_MACCATALYST = NO;
				SUPPORTS_MAC_DESIGNED_FOR_IPHONE_IPAD = NO;
				SWIFT_EMIT_LOC_STRINGS = YES;
				SWIFT_VERSION = 5.0;
				TARGETED_DEVICE_FAMILY = 1;
			};
			name = Debug;
		};
		B0F94F182ADF419800DB2741 /* Release */ = {
			isa = XCBuildConfiguration;
			buildSettings = {
				ASSETCATALOG_COMPILER_APPICON_NAME = AppIcon;
				ASSETCATALOG_COMPILER_GLOBAL_ACCENT_COLOR_NAME = AccentColor;
				CODE_SIGN_STYLE = Automatic;
				CURRENT_PROJECT_VERSION = 1;
				DEVELOPMENT_TEAM = ZA635WC7L2;
				GENERATE_INFOPLIST_FILE = YES;
				INFOPLIST_FILE = TicketBuyer/Info.plist;
				INFOPLIST_KEY_UIApplicationSupportsIndirectInputEvents = YES;
				INFOPLIST_KEY_UILaunchStoryboardName = LaunchScreen;
				INFOPLIST_KEY_UIMainStoryboardFile = Main;
				INFOPLIST_KEY_UIStatusBarStyle = UIStatusBarStyleLightContent;
				INFOPLIST_KEY_UISupportedInterfaceOrientations = UIInterfaceOrientationPortrait;
				INFOPLIST_KEY_UISupportedInterfaceOrientations_iPad = "UIInterfaceOrientationPortrait UIInterfaceOrientationPortraitUpsideDown";
				LD_RUNPATH_SEARCH_PATHS = (
					"$(inherited)",
					"@executable_path/Frameworks",
				);
				MARKETING_VERSION = 1.0;
				PRODUCT_BUNDLE_IDENTIFIER = andreigordienko.TicketBuyer;
				PRODUCT_NAME = "$(TARGET_NAME)";
				SUPPORTED_PLATFORMS = "iphoneos iphonesimulator";
				SUPPORTS_MACCATALYST = NO;
				SUPPORTS_MAC_DESIGNED_FOR_IPHONE_IPAD = NO;
				SWIFT_EMIT_LOC_STRINGS = YES;
				SWIFT_VERSION = 5.0;
				TARGETED_DEVICE_FAMILY = 1;
			};
			name = Release;
		};
		B0F94F1A2ADF419800DB2741 /* Debug */ = {
			isa = XCBuildConfiguration;
			buildSettings = {
				ALWAYS_EMBED_SWIFT_STANDARD_LIBRARIES = YES;
				BUNDLE_LOADER = "$(TEST_HOST)";
				CODE_SIGN_STYLE = Automatic;
				CURRENT_PROJECT_VERSION = 1;
				DEVELOPMENT_TEAM = ZA635WC7L2;
				GENERATE_INFOPLIST_FILE = YES;
				IPHONEOS_DEPLOYMENT_TARGET = 17.0;
				MARKETING_VERSION = 1.0;
				PRODUCT_BUNDLE_IDENTIFIER = andreigordienko.TicketBuyerTests;
				PRODUCT_NAME = "$(TARGET_NAME)";
				SWIFT_EMIT_LOC_STRINGS = NO;
				SWIFT_VERSION = 5.0;
				TARGETED_DEVICE_FAMILY = "1,2";
				TEST_HOST = "$(BUILT_PRODUCTS_DIR)/TicketBuyer.app/$(BUNDLE_EXECUTABLE_FOLDER_PATH)/TicketBuyer";
			};
			name = Debug;
		};
		B0F94F1B2ADF419800DB2741 /* Release */ = {
			isa = XCBuildConfiguration;
			buildSettings = {
				ALWAYS_EMBED_SWIFT_STANDARD_LIBRARIES = YES;
				BUNDLE_LOADER = "$(TEST_HOST)";
				CODE_SIGN_STYLE = Automatic;
				CURRENT_PROJECT_VERSION = 1;
				DEVELOPMENT_TEAM = ZA635WC7L2;
				GENERATE_INFOPLIST_FILE = YES;
				IPHONEOS_DEPLOYMENT_TARGET = 17.0;
				MARKETING_VERSION = 1.0;
				PRODUCT_BUNDLE_IDENTIFIER = andreigordienko.TicketBuyerTests;
				PRODUCT_NAME = "$(TARGET_NAME)";
				SWIFT_EMIT_LOC_STRINGS = NO;
				SWIFT_VERSION = 5.0;
				TARGETED_DEVICE_FAMILY = "1,2";
				TEST_HOST = "$(BUILT_PRODUCTS_DIR)/TicketBuyer.app/$(BUNDLE_EXECUTABLE_FOLDER_PATH)/TicketBuyer";
			};
			name = Release;
		};
		B0F94F1D2ADF419800DB2741 /* Debug */ = {
			isa = XCBuildConfiguration;
			buildSettings = {
				ALWAYS_EMBED_SWIFT_STANDARD_LIBRARIES = YES;
				CODE_SIGN_STYLE = Automatic;
				CURRENT_PROJECT_VERSION = 1;
				DEVELOPMENT_TEAM = ZA635WC7L2;
				GENERATE_INFOPLIST_FILE = YES;
				MARKETING_VERSION = 1.0;
				PRODUCT_BUNDLE_IDENTIFIER = andreigordienko.TicketBuyerUITests;
				PRODUCT_NAME = "$(TARGET_NAME)";
				SWIFT_EMIT_LOC_STRINGS = NO;
				SWIFT_VERSION = 5.0;
				TARGETED_DEVICE_FAMILY = "1,2";
				TEST_TARGET_NAME = TicketBuyer;
			};
			name = Debug;
		};
		B0F94F1E2ADF419800DB2741 /* Release */ = {
			isa = XCBuildConfiguration;
			buildSettings = {
				ALWAYS_EMBED_SWIFT_STANDARD_LIBRARIES = YES;
				CODE_SIGN_STYLE = Automatic;
				CURRENT_PROJECT_VERSION = 1;
				DEVELOPMENT_TEAM = ZA635WC7L2;
				GENERATE_INFOPLIST_FILE = YES;
				MARKETING_VERSION = 1.0;
				PRODUCT_BUNDLE_IDENTIFIER = andreigordienko.TicketBuyerUITests;
				PRODUCT_NAME = "$(TARGET_NAME)";
				SWIFT_EMIT_LOC_STRINGS = NO;
				SWIFT_VERSION = 5.0;
				TARGETED_DEVICE_FAMILY = "1,2";
				TEST_TARGET_NAME = TicketBuyer;
			};
			name = Release;
		};
/* End XCBuildConfiguration section */

/* Begin XCConfigurationList section */
		B0F94EE72ADF419500DB2741 /* Build configuration list for PBXProject "TicketBuyer" */ = {
			isa = XCConfigurationList;
			buildConfigurations = (
				B0F94F142ADF419800DB2741 /* Debug */,
				B0F94F152ADF419800DB2741 /* Release */,
			);
			defaultConfigurationIsVisible = 0;
			defaultConfigurationName = Release;
		};
		B0F94F162ADF419800DB2741 /* Build configuration list for PBXNativeTarget "TicketBuyer" */ = {
			isa = XCConfigurationList;
			buildConfigurations = (
				B0F94F172ADF419800DB2741 /* Debug */,
				B0F94F182ADF419800DB2741 /* Release */,
			);
			defaultConfigurationIsVisible = 0;
			defaultConfigurationName = Release;
		};
		B0F94F192ADF419800DB2741 /* Build configuration list for PBXNativeTarget "TicketBuyerTests" */ = {
			isa = XCConfigurationList;
			buildConfigurations = (
				B0F94F1A2ADF419800DB2741 /* Debug */,
				B0F94F1B2ADF419800DB2741 /* Release */,
			);
			defaultConfigurationIsVisible = 0;
			defaultConfigurationName = Release;
		};
		B0F94F1C2ADF419800DB2741 /* Build configuration list for PBXNativeTarget "TicketBuyerUITests" */ = {
			isa = XCConfigurationList;
			buildConfigurations = (
				B0F94F1D2ADF419800DB2741 /* Debug */,
				B0F94F1E2ADF419800DB2741 /* Release */,
			);
			defaultConfigurationIsVisible = 0;
			defaultConfigurationName = Release;
		};
/* End XCConfigurationList section */

/* Begin XCRemoteSwiftPackageReference section */
		B076E5B72B1A4F0E00636398 /* XCRemoteSwiftPackageReference "firebase-ios-sdk" */ = {
			isa = XCRemoteSwiftPackageReference;
			repositoryURL = "https://github.com/firebase/firebase-ios-sdk";
			requirement = {
				kind = upToNextMajorVersion;
				minimumVersion = 10.18.0;
			};
		};
/* End XCRemoteSwiftPackageReference section */

/* Begin XCSwiftPackageProductDependency section */
		B003A7042B2DCF1900C14D58 /* FirebaseStorage */ = {
			isa = XCSwiftPackageProductDependency;
			package = B076E5B72B1A4F0E00636398 /* XCRemoteSwiftPackageReference "firebase-ios-sdk" */;
			productName = FirebaseStorage;
		};
		B003A7062B2DCF9700C14D58 /* FirebaseStorageCombine-Community */ = {
			isa = XCSwiftPackageProductDependency;
			package = B076E5B72B1A4F0E00636398 /* XCRemoteSwiftPackageReference "firebase-ios-sdk" */;
			productName = "FirebaseStorageCombine-Community";
		};
		B076E5B82B1A4F0E00636398 /* FirebaseAnalytics */ = {
			isa = XCSwiftPackageProductDependency;
			package = B076E5B72B1A4F0E00636398 /* XCRemoteSwiftPackageReference "firebase-ios-sdk" */;
			productName = FirebaseAnalytics;
		};
		B076E5BA2B1A4F0E00636398 /* FirebaseAuth */ = {
			isa = XCSwiftPackageProductDependency;
			package = B076E5B72B1A4F0E00636398 /* XCRemoteSwiftPackageReference "firebase-ios-sdk" */;
			productName = FirebaseAuth;
		};
		B076E5BC2B1A4F0E00636398 /* FirebaseDatabase */ = {
			isa = XCSwiftPackageProductDependency;
			package = B076E5B72B1A4F0E00636398 /* XCRemoteSwiftPackageReference "firebase-ios-sdk" */;
			productName = FirebaseDatabase;
		};
		B076E5BE2B1A4F0E00636398 /* FirebaseFirestore */ = {
			isa = XCSwiftPackageProductDependency;
			package = B076E5B72B1A4F0E00636398 /* XCRemoteSwiftPackageReference "firebase-ios-sdk" */;
			productName = FirebaseFirestore;
		};
/* End XCSwiftPackageProductDependency section */
	};
	rootObject = B0F94EE42ADF419500DB2741 /* Project object */;
}
